{
  "name": "units-convert",
  "version": "1.1.0",
  "lockfileVersion": 2,
  "requires": true,
  "packages": {
    "": {
      "name": "units-convert",
      "version": "1.1.0",
      "license": "MIT",
      "dependencies": {
        "decimal.js": "^10.4.3",
        "lodash.foreach": "2.3.x",
        "lodash.keys": "2.3.x"
      },
      "devDependencies": {
        "prettier": "^2.8.8"
      }
    },
    "node_modules/decimal.js": {
      "version": "10.4.3",
      "resolved": "https://registry.npmjs.org/decimal.js/-/decimal.js-10.4.3.tgz",
      "integrity": "sha512-VBBaLc1MgL5XpzgIP7ny5Z6Nx3UrRkIViUkPUdtl9aya5amy3De1gsUUSB1g3+3sExYNjCAsAznmukyxCb1GRA=="
    },
    "node_modules/lodash._basebind": {
      "version": "2.3.0",
      "resolved": "https://registry.npmjs.org/lodash._basebind/-/lodash._basebind-2.3.0.tgz",
      "integrity": "sha512-SHqM7YCuJ+BeGTs7lqpWnmdHEeF4MWxS3dksJctHFNxR81FXPOzA4bS5Vs5CpcGTkBpM8FCl+YEbQEblRw8ABg==",
      "dependencies": {
        "lodash._basecreate": "~2.3.0",
        "lodash._setbinddata": "~2.3.0",
        "lodash.isobject": "~2.3.0"
      }
    },
    "node_modules/lodash._basecreate": {
      "version": "2.3.0",
      "resolved": "https://registry.npmjs.org/lodash._basecreate/-/lodash._basecreate-2.3.0.tgz",
      "integrity": "sha512-vwZaWldZwS2y9b99D8i9+WtgiZXbHKsBsMrpxJEqTsNW20NhJo5W8PBQkeQO9CmxuqEYn8UkMnfEM2MMT4cVrw==",
      "dependencies": {
        "lodash._renative": "~2.3.0",
        "lodash.isobject": "~2.3.0",
        "lodash.noop": "~2.3.0"
      }
    },
    "node_modules/lodash._basecreatecallback": {
      "version": "2.3.0",
      "resolved": "https://registry.npmjs.org/lodash._basecreatecallback/-/lodash._basecreatecallback-2.3.0.tgz",
      "integrity": "sha512-Ev+pDzzfVfgbiucpXijconLGRBar7/+KNCf05kSnk4CmdDVhAy1RdbU9efCJ/o9GXI08JdUGwZ+5QJ3QX3kj0g==",
      "dependencies": {
        "lodash._setbinddata": "~2.3.0",
        "lodash.bind": "~2.3.0",
        "lodash.identity": "~2.3.0",
        "lodash.support": "~2.3.0"
      }
    },
    "node_modules/lodash._basecreatewrapper": {
      "version": "2.3.0",
      "resolved": "https://registry.npmjs.org/lodash._basecreatewrapper/-/lodash._basecreatewrapper-2.3.0.tgz",
      "integrity": "sha512-YLycQ7k8AB9Wc1EOvLNxuRWcqipDkMXq2GCgnLWQR6qtgTb3gY3LELzEpnFshrEO4LOLs+R2EpcY+uCOZaLQ8Q==",
      "dependencies": {
        "lodash._basecreate": "~2.3.0",
        "lodash._setbinddata": "~2.3.0",
        "lodash._slice": "~2.3.0",
        "lodash.isobject": "~2.3.0"
      }
    },
    "node_modules/lodash._createwrapper": {
      "version": "2.3.0",
      "resolved": "https://registry.npmjs.org/lodash._createwrapper/-/lodash._createwrapper-2.3.0.tgz",
      "integrity": "sha512-XjaI/rzg9W+WO4WJDQ+PRlHD5sAMJ1RhJLuT65cBxLCb1kIYs4U20jqvTDGAWyVT3c34GYiLd9AreHYuB/8yJA==",
      "dependencies": {
        "lodash._basebind": "~2.3.0",
        "lodash._basecreatewrapper": "~2.3.0",
        "lodash.isfunction": "~2.3.0"
      }
    },
    "node_modules/lodash._objecttypes": {
      "version": "2.3.0",
      "resolved": "https://registry.npmjs.org/lodash._objecttypes/-/lodash._objecttypes-2.3.0.tgz",
      "integrity": "sha512-jbA6QyHt9cw3BzvbWzIcnU3Z12jSneT6xBgz3Y782CJsN1tV5aTBKrFo2B4AkeHBNaxSrbPYZZpi1Lwj3xjdtg=="
    },
    "node_modules/lodash._renative": {
      "version": "2.3.0",
      "resolved": "https://registry.npmjs.org/lodash._renative/-/lodash._renative-2.3.0.tgz",
      "integrity": "sha512-v44MRirqYqZGK/h5UKoVqXWF2L+LUiLTU+Ogu5rHRVWJUA1uWIlHaMpG8f/OA8j++BzPMQij9+erXHtgFcbuwg=="
    },
    "node_modules/lodash._setbinddata": {
      "version": "2.3.0",
      "resolved": "https://registry.npmjs.org/lodash._setbinddata/-/lodash._setbinddata-2.3.0.tgz",
      "integrity": "sha512-xMFfbF7dL+sFtrdE49uHFmfpBAEwlFtfgMp86nQRlAF6aizYL+3MTbnYMKJSkP1W501PhsgiBED5kBbZd8kR2g==",
      "dependencies": {
        "lodash._renative": "~2.3.0",
        "lodash.noop": "~2.3.0"
      }
    },
    "node_modules/lodash._shimkeys": {
      "version": "2.3.0",
      "resolved": "https://registry.npmjs.org/lodash._shimkeys/-/lodash._shimkeys-2.3.0.tgz",
      "integrity": "sha512-9Iuyi7TiWMGa/9+2rqEE+Zwye4b/U2w7Saw6UX1h6Xs88mEER+uz9FZcEBPKMVKsad9Pw5GNAcIBRnW2jNpneQ==",
      "dependencies": {
        "lodash._objecttypes": "~2.3.0"
      }
    },
    "node_modules/lodash._slice": {
      "version": "2.3.0",
      "resolved": "https://registry.npmjs.org/lodash._slice/-/lodash._slice-2.3.0.tgz",
      "integrity": "sha512-7C61GhzRUv36gTafr+RIb+AomCAYsSATEoK4OP0VkNBcwvsM022Z22AVgqjjzikeNO1U29LzsJZDvLbiNPUYvA=="
    },
    "node_modules/lodash.bind": {
      "version": "2.3.0",
      "resolved": "https://registry.npmjs.org/lodash.bind/-/lodash.bind-2.3.0.tgz",
      "integrity": "sha512-goakyOo+FMN8lttMPnZ0UNlr5RlzX4IrUXyTJPT2A0tGCMXySupond9wzvDqTvVmYTcQjIKGrj8naJDS2xWAlQ==",
      "dependencies": {
        "lodash._createwrapper": "~2.3.0",
        "lodash._renative": "~2.3.0",
        "lodash._slice": "~2.3.0"
      }
    },
    "node_modules/lodash.foreach": {
      "version": "2.3.0",
      "resolved": "https://registry.npmjs.org/lodash.foreach/-/lodash.foreach-2.3.0.tgz",
      "integrity": "sha512-yLnyptVRJd0//AbGp480grgQG9iaDIV5uOgSbpurRy1dYybPbjNTLQ3FyLEQ84buVLPG7jyaiyvpzgfOutRB3Q==",
      "dependencies": {
        "lodash._basecreatecallback": "~2.3.0",
        "lodash.forown": "~2.3.0"
      }
    },
    "node_modules/lodash.forown": {
      "version": "2.3.0",
      "resolved": "https://registry.npmjs.org/lodash.forown/-/lodash.forown-2.3.0.tgz",
      "integrity": "sha512-dUnCsuQTtq3Y7bxPNoEEqjJjPL2ftLtcz2PTeRKvhbpdM514AvnqCjewHGsm/W+dwspIwa14KoWEZeizJ7smxA==",
      "dependencies": {
        "lodash._basecreatecallback": "~2.3.0",
        "lodash._objecttypes": "~2.3.0",
        "lodash.keys": "~2.3.0"
      }
    },
    "node_modules/lodash.identity": {
      "version": "2.3.0",
      "resolved": "https://registry.npmjs.org/lodash.identity/-/lodash.identity-2.3.0.tgz",
      "integrity": "sha512-NYJ2r2cwy3tkx/saqbIZEX6oQUzjWTnGRu7d/zmBjMCZos3eHBxCpbvWFWSetv8jFVrptsp6EbWjzNgBKhUoOA=="
    },
    "node_modules/lodash.isfunction": {
      "version": "2.3.0",
      "resolved": "https://registry.npmjs.org/lodash.isfunction/-/lodash.isfunction-2.3.0.tgz",
      "integrity": "sha512-X5lteBYlCrVO7Qc00fxP8W90fzRp6Ax9XcHANmU3OsZHdSyIVZ9ZlX5QTTpRq8aGY+9I5Rmd0UTzTIIyWPugEQ=="
    },
    "node_modules/lodash.isobject": {
      "version": "2.3.0",
      "resolved": "https://registry.npmjs.org/lodash.isobject/-/lodash.isobject-2.3.0.tgz",
      "integrity": "sha512-jo1pfV61C4TE8BfEzqaHj6EIKiSkFANJrB6yscwuCJMSRw5tbqjk4Gv7nJzk4Z6nFKobZjGZ8Qd41vmnwgeQqQ==",
      "dependencies": {
        "lodash._objecttypes": "~2.3.0"
      }
    },
    "node_modules/lodash.keys": {
      "version": "2.3.0",
      "resolved": "https://registry.npmjs.org/lodash.keys/-/lodash.keys-2.3.0.tgz",
      "integrity": "sha512-c0UW0ffqMxSCtoVbmVt2lERJLkEqgoOn2ejPsWXzr0ZrqRbl3uruGgwHzhtqXxi6K/ei3Ey7zimOqSwXgzazPg==",
      "dependencies": {
        "lodash._renative": "~2.3.0",
        "lodash._shimkeys": "~2.3.0",
        "lodash.isobject": "~2.3.0"
      }
    },
    "node_modules/lodash.noop": {
      "version": "2.3.0",
      "resolved": "https://registry.npmjs.org/lodash.noop/-/lodash.noop-2.3.0.tgz",
      "integrity": "sha512-NpSm8HRm1WkBBWHUveDukLF4Kfb5P5E3fjHc9Qre9A11nNubozLWD2wH3UBTZbu+KSuX8aSUvy9b+PUyEceJ8g=="
    },
    "node_modules/lodash.support": {
      "version": "2.3.0",
      "resolved": "https://registry.npmjs.org/lodash.support/-/lodash.support-2.3.0.tgz",
      "integrity": "sha512-etc7VWbB0U3Iya8ixj2xy4sDBN3jvPX7ODi8iXtn4KkkjNpdngrdc7Vlt5jub/Vgqx6/dWtp7Ml9awhCQPYKGQ==",
      "dependencies": {
        "lodash._renative": "~2.3.0"
      }
    },
    "node_modules/prettier": {
      "version": "2.8.8",
      "resolved": "https://registry.npmjs.org/prettier/-/prettier-2.8.8.tgz",
      "integrity": "sha512-tdN8qQGvNjw4CHbY+XXk0JgCXn9QiF21a55rBe5LJAU+kDyC4WQn4+awm2Xfk2lQMk5fKup9XgzTZtGkjBdP9Q==",
      "dev": true,
      "bin": {
        "prettier": "bin-prettier.js"
      },
      "engines": {
        "node": ">=10.13.0"
      },
      "funding": {
        "url": "https://github.com/prettier/prettier?sponsor=1"
      }
    }
  },
  "dependencies": {
    "decimal.js": {
      "version": "10.4.3",
      "resolved": "https://registry.npmjs.org/decimal.js/-/decimal.js-10.4.3.tgz",
      "integrity": "sha512-VBBaLc1MgL5XpzgIP7ny5Z6Nx3UrRkIViUkPUdtl9aya5amy3De1gsUUSB1g3+3sExYNjCAsAznmukyxCb1GRA=="
    },
    "lodash._basebind": {
      "version": "2.3.0",
      "resolved": "https://registry.npmjs.org/lodash._basebind/-/lodash._basebind-2.3.0.tgz",
      "integrity": "sha512-SHqM7YCuJ+BeGTs7lqpWnmdHEeF4MWxS3dksJctHFNxR81FXPOzA4bS5Vs5CpcGTkBpM8FCl+YEbQEblRw8ABg==",
      "requires": {
        "lodash._basecreate": "~2.3.0",
        "lodash._setbinddata": "~2.3.0",
        "lodash.isobject": "~2.3.0"
      }
    },
    "lodash._basecreate": {
      "version": "2.3.0",
      "resolved": "https://registry.npmjs.org/lodash._basecreate/-/lodash._basecreate-2.3.0.tgz",
      "integrity": "sha512-vwZaWldZwS2y9b99D8i9+WtgiZXbHKsBsMrpxJEqTsNW20NhJo5W8PBQkeQO9CmxuqEYn8UkMnfEM2MMT4cVrw==",
      "requires": {
        "lodash._renative": "~2.3.0",
        "lodash.isobject": "~2.3.0",
        "lodash.noop": "~2.3.0"
      }
    },
    "lodash._basecreatecallback": {
      "version": "2.3.0",
      "resolved": "https://registry.npmjs.org/lodash._basecreatecallback/-/lodash._basecreatecallback-2.3.0.tgz",
      "integrity": "sha512-Ev+pDzzfVfgbiucpXijconLGRBar7/+KNCf05kSnk4CmdDVhAy1RdbU9efCJ/o9GXI08JdUGwZ+5QJ3QX3kj0g==",
      "requires": {
        "lodash._setbinddata": "~2.3.0",
        "lodash.bind": "~2.3.0",
        "lodash.identity": "~2.3.0",
        "lodash.support": "~2.3.0"
      }
    },
    "lodash._basecreatewrapper": {
      "version": "2.3.0",
      "resolved": "https://registry.npmjs.org/lodash._basecreatewrapper/-/lodash._basecreatewrapper-2.3.0.tgz",
      "integrity": "sha512-YLycQ7k8AB9Wc1EOvLNxuRWcqipDkMXq2GCgnLWQR6qtgTb3gY3LELzEpnFshrEO4LOLs+R2EpcY+uCOZaLQ8Q==",
      "requires": {
        "lodash._basecreate": "~2.3.0",
        "lodash._setbinddata": "~2.3.0",
        "lodash._slice": "~2.3.0",
        "lodash.isobject": "~2.3.0"
      }
    },
    "lodash._createwrapper": {
      "version": "2.3.0",
      "resolved": "https://registry.npmjs.org/lodash._createwrapper/-/lodash._createwrapper-2.3.0.tgz",
      "integrity": "sha512-XjaI/rzg9W+WO4WJDQ+PRlHD5sAMJ1RhJLuT65cBxLCb1kIYs4U20jqvTDGAWyVT3c34GYiLd9AreHYuB/8yJA==",
      "requires": {
        "lodash._basebind": "~2.3.0",
        "lodash._basecreatewrapper": "~2.3.0",
        "lodash.isfunction": "~2.3.0"
      }
    },
    "lodash._objecttypes": {
      "version": "2.3.0",
      "resolved": "https://registry.npmjs.org/lodash._objecttypes/-/lodash._objecttypes-2.3.0.tgz",
      "integrity": "sha512-jbA6QyHt9cw3BzvbWzIcnU3Z12jSneT6xBgz3Y782CJsN1tV5aTBKrFo2B4AkeHBNaxSrbPYZZpi1Lwj3xjdtg=="
    },
    "lodash._renative": {
      "version": "2.3.0",
      "resolved": "https://registry.npmjs.org/lodash._renative/-/lodash._renative-2.3.0.tgz",
      "integrity": "sha512-v44MRirqYqZGK/h5UKoVqXWF2L+LUiLTU+Ogu5rHRVWJUA1uWIlHaMpG8f/OA8j++BzPMQij9+erXHtgFcbuwg=="
    },
    "lodash._setbinddata": {
      "version": "2.3.0",
      "resolved": "https://registry.npmjs.org/lodash._setbinddata/-/lodash._setbinddata-2.3.0.tgz",
      "integrity": "sha512-xMFfbF7dL+sFtrdE49uHFmfpBAEwlFtfgMp86nQRlAF6aizYL+3MTbnYMKJSkP1W501PhsgiBED5kBbZd8kR2g==",
      "requires": {
        "lodash._renative": "~2.3.0",
        "lodash.noop": "~2.3.0"
      }
    },
    "lodash._shimkeys": {
      "version": "2.3.0",
      "resolved": "https://registry.npmjs.org/lodash._shimkeys/-/lodash._shimkeys-2.3.0.tgz",
      "integrity": "sha512-9Iuyi7TiWMGa/9+2rqEE+Zwye4b/U2w7Saw6UX1h6Xs88mEER+uz9FZcEBPKMVKsad9Pw5GNAcIBRnW2jNpneQ==",
      "requires": {
        "lodash._objecttypes": "~2.3.0"
      }
    },
    "lodash._slice": {
      "version": "2.3.0",
      "resolved": "https://registry.npmjs.org/lodash._slice/-/lodash._slice-2.3.0.tgz",
      "integrity": "sha512-7C61GhzRUv36gTafr+RIb+AomCAYsSATEoK4OP0VkNBcwvsM022Z22AVgqjjzikeNO1U29LzsJZDvLbiNPUYvA=="
    },
    "lodash.bind": {
      "version": "2.3.0",
      "resolved": "https://registry.npmjs.org/lodash.bind/-/lodash.bind-2.3.0.tgz",
      "integrity": "sha512-goakyOo+FMN8lttMPnZ0UNlr5RlzX4IrUXyTJPT2A0tGCMXySupond9wzvDqTvVmYTcQjIKGrj8naJDS2xWAlQ==",
      "requires": {
        "lodash._createwrapper": "~2.3.0",
        "lodash._renative": "~2.3.0",
        "lodash._slice": "~2.3.0"
      }
    },
    "lodash.foreach": {
      "version": "2.3.0",
      "resolved": "https://registry.npmjs.org/lodash.foreach/-/lodash.foreach-2.3.0.tgz",
      "integrity": "sha512-yLnyptVRJd0//AbGp480grgQG9iaDIV5uOgSbpurRy1dYybPbjNTLQ3FyLEQ84buVLPG7jyaiyvpzgfOutRB3Q==",
      "requires": {
        "lodash._basecreatecallback": "~2.3.0",
        "lodash.forown": "~2.3.0"
      }
    },
    "lodash.forown": {
      "version": "2.3.0",
      "resolved": "https://registry.npmjs.org/lodash.forown/-/lodash.forown-2.3.0.tgz",
      "integrity": "sha512-dUnCsuQTtq3Y7bxPNoEEqjJjPL2ftLtcz2PTeRKvhbpdM514AvnqCjewHGsm/W+dwspIwa14KoWEZeizJ7smxA==",
      "requires": {
        "lodash._basecreatecallback": "~2.3.0",
        "lodash._objecttypes": "~2.3.0",
        "lodash.keys": "~2.3.0"
      }
    },
    "lodash.identity": {
      "version": "2.3.0",
      "resolved": "https://registry.npmjs.org/lodash.identity/-/lodash.identity-2.3.0.tgz",
      "integrity": "sha512-NYJ2r2cwy3tkx/saqbIZEX6oQUzjWTnGRu7d/zmBjMCZos3eHBxCpbvWFWSetv8jFVrptsp6EbWjzNgBKhUoOA=="
    },
    "lodash.isfunction": {
      "version": "2.3.0",
      "resolved": "https://registry.npmjs.org/lodash.isfunction/-/lodash.isfunction-2.3.0.tgz",
      "integrity": "sha512-X5lteBYlCrVO7Qc00fxP8W90fzRp6Ax9XcHANmU3OsZHdSyIVZ9ZlX5QTTpRq8aGY+9I5Rmd0UTzTIIyWPugEQ=="
    },
    "lodash.isobject": {
      "version": "2.3.0",
      "resolved": "https://registry.npmjs.org/lodash.isobject/-/lodash.isobject-2.3.0.tgz",
      "integrity": "sha512-jo1pfV61C4TE8BfEzqaHj6EIKiSkFANJrB6yscwuCJMSRw5tbqjk4Gv7nJzk4Z6nFKobZjGZ8Qd41vmnwgeQqQ==",
      "requires": {
        "lodash._objecttypes": "~2.3.0"
      }
    },
    "lodash.keys": {
      "version": "2.3.0",
      "resolved": "https://registry.npmjs.org/lodash.keys/-/lodash.keys-2.3.0.tgz",
      "integrity": "sha512-c0UW0ffqMxSCtoVbmVt2lERJLkEqgoOn2ejPsWXzr0ZrqRbl3uruGgwHzhtqXxi6K/ei3Ey7zimOqSwXgzazPg==",
      "requires": {
        "lodash._renative": "~2.3.0",
        "lodash._shimkeys": "~2.3.0",
        "lodash.isobject": "~2.3.0"
      }
    },
    "lodash.noop": {
      "version": "2.3.0",
      "resolved": "https://registry.npmjs.org/lodash.noop/-/lodash.noop-2.3.0.tgz",
      "integrity": "sha512-NpSm8HRm1WkBBWHUveDukLF4Kfb5P5E3fjHc9Qre9A11nNubozLWD2wH3UBTZbu+KSuX8aSUvy9b+PUyEceJ8g=="
    },
    "lodash.support": {
      "version": "2.3.0",
      "resolved": "https://registry.npmjs.org/lodash.support/-/lodash.support-2.3.0.tgz",
      "integrity": "sha512-etc7VWbB0U3Iya8ixj2xy4sDBN3jvPX7ODi8iXtn4KkkjNpdngrdc7Vlt5jub/Vgqx6/dWtp7Ml9awhCQPYKGQ==",
      "requires": {
        "lodash._renative": "~2.3.0"
      }
    },
    "prettier": {
      "version": "2.8.8",
      "resolved": "https://registry.npmjs.org/prettier/-/prettier-2.8.8.tgz",
      "integrity": "sha512-tdN8qQGvNjw4CHbY+XXk0JgCXn9QiF21a55rBe5LJAU+kDyC4WQn4+awm2Xfk2lQMk5fKup9XgzTZtGkjBdP9Q==",
      "dev": true
    }
  }
}
